
Microsoft Visual Studio Solution File, Format Version 12.00
# Visual Studio 15
VisualStudioVersion = 15.0.28307.271
MinimumVisualStudioVersion = 10.0.40219.1
Project("{FAE04EC0-301F-11D3-BF4B-00C04F79EFBC}") = "Test", "Test\Test.csproj", "{4A97D42F-2B73-4DC0-88FB-BC4C8306C192}"
EndProject
Project("{2150E333-8FDC-42A3-9474-1A3956D46DE8}") = "Files", "Files", "{E7B87957-58D6-406D-929C-AE5C9D119B7E}"
	ProjectSection(SolutionItems) = preProject
		Files\aaa_copy_files.bat = Files\aaa_copy_files.bat
		Test\bin\Release\Test.exe = Test\bin\Release\Test.exe
	EndProjectSection
EndProject
Project("{FAE04EC0-301F-11D3-BF4B-00C04F79EFBC}") = "FrontEnd", "FrontEnd\FrontEnd.csproj", "{0E4BCD46-4614-4D54-9C0B-6D370B3F3684}"
EndProject
Global
	GlobalSection(SolutionConfigurationPlatforms) = preSolution
		Debug|Any CPU = Debug|Any CPU
		Debug|x64 = Debug|x64
		Release|Any CPU = Release|Any CPU
		Release|x64 = Release|x64
	EndGlobalSection
	GlobalSection(ProjectConfigurationPlatforms) = postSolution
		{4A97D42F-2B73-4DC0-88FB-BC4C8306C192}.Debug|Any CPU.ActiveCfg = Debug|Any CPU
		{4A97D42F-2B73-4DC0-88FB-BC4C8306C192}.Debug|Any CPU.Build.0 = Debug|Any CPU
		{4A97D42F-2B73-4DC0-88FB-BC4C8306C192}.Debug|x64.ActiveCfg = Debug|x64
		{4A97D42F-2B73-4DC0-88FB-BC4C8306C192}.Debug|x64.Build.0 = Debug|x64
		{4A97D42F-2B73-4DC0-88FB-BC4C8306C192}.Release|Any CPU.ActiveCfg = Release|Any CPU
		{4A97D42F-2B73-4DC0-88FB-BC4C8306C192}.Release|Any CPU.Build.0 = Release|Any CPU
		{4A97D42F-2B73-4DC0-88FB-BC4C8306C192}.Release|x64.ActiveCfg = Release|x64
		{4A97D42F-2B73-4DC0-88FB-BC4C8306C192}.Release|x64.Build.0 = Release|x64
		{0E4BCD46-4614-4D54-9C0B-6D370B3F3684}.Debug|Any CPU.ActiveCfg = Debug|Any CPU
		{0E4BCD46-4614-4D54-9C0B-6D370B3F3684}.Debug|Any CPU.Build.0 = Debug|Any CPU
		{0E4BCD46-4614-4D54-9C0B-6D370B3F3684}.Debug|x64.ActiveCfg = Debug|x64
		{0E4BCD46-4614-4D54-9C0B-6D370B3F3684}.Debug|x64.Build.0 = Debug|x64
		{0E4BCD46-4614-4D54-9C0B-6D370B3F3684}.Release|Any CPU.ActiveCfg = Release|Any CPU
		{0E4BCD46-4614-4D54-9C0B-6D370B3F3684}.Release|Any CPU.Build.0 = Release|Any CPU
		{0E4BCD46-4614-4D54-9C0B-6D370B3F3684}.Release|x64.ActiveCfg = Release|x64
		{0E4BCD46-4614-4D54-9C0B-6D370B3F3684}.Release|x64.Build.0 = Release|x64
	EndGlobalSection
	GlobalSection(SolutionProperties) = preSolution
		HideSolutionNode = FALSE
	EndGlobalSection
	GlobalSection(ExtensibilityGlobals) = postSolution
		SolutionGuid = {6E0FE6C8-12D2-4FF7-8D68-E94623943521}
	EndGlobalSection
EndGlobal
